PODS:
  - Curve25519 (1.1)
  - ESPProvision (2.0.16):
    - ESPProvision/Core (= 2.0.16)
  - ESPProvision/Core (2.0.16):
    - Curve25519 (~> 1.1.0)
    - SwiftProtobuf (~> 1.5.0)
  - Flutter (1.0.0)
  - flutter_esp_ble_prov (0.0.1):
    - ESPProvision
    - Flutter
  - SwiftProtobuf (1.5.0)

DEPENDENCIES:
  - Flutter (from `Flutter`)
  - flutter_esp_ble_prov (from `.symlinks/plugins/flutter_esp_ble_prov/ios`)

SPEC REPOS:
  trunk:
    - Curve25519
    - ESPProvision
    - SwiftProtobuf

EXTERNAL SOURCES:
  Flutter:
    :path: Flutter
  flutter_esp_ble_prov:
    :path: ".symlinks/plugins/flutter_esp_ble_prov/ios"

SPEC CHECKSUMS:
  Curve25519: 5f595e906bd962248665978e2992a1fe96e2d831
  ESPProvision: 2e9b4b72d8bb880051882836b17f28f6537a7b77
  Flutter: e0871f40cf51350855a761d2e70bf5af5b9b5de7
  flutter_esp_ble_prov: 6cff8544535225431d58e5577706ba2a1a106303
  SwiftProtobuf: 241400280f912735c1e1b9fe675fdd2c6c4d42e2

PODFILE CHECKSUM: c4c93c5f6502fe2754f48404d3594bf779584011

COCOAPODS: 1.16.2
